// !$*UTF8*$!
{
	archiveVersion = 1;
	classes = {
	};
	objectVersion = 46;
	objects = {

/* Begin PBXBuildFile section */
		2A41D76E1C1B38D2001D7E03 /* CGRect+OwnKit.swift in Sources */ = {isa = PBXBuildFile; fileRef = 2A41D76D1C1B38D2001D7E03 /* CGRect+OwnKit.swift */; };
		2A41D7701C1B4608001D7E03 /* AttributedString.swift in Sources */ = {isa = PBXBuildFile; fileRef = 2A41D76F1C1B4608001D7E03 /* AttributedString.swift */; };
		2A71E35F1C13AEE900EBF954 /* OwnKit.h in Headers */ = {isa = PBXBuildFile; fileRef = 2A71E35E1C13AEE900EBF954 /* OwnKit.h */; settings = {ATTRIBUTES = (Public, ); }; };
		2A71E36E1C13AEFF00EBF954 /* String+OwnKit.swift in Sources */ = {isa = PBXBuildFile; fileRef = 2A71E3671C13AEFF00EBF954 /* String+OwnKit.swift */; };
		2A71E36F1C13AEFF00EBF954 /* UINib+OwnKit.swift in Sources */ = {isa = PBXBuildFile; fileRef = 2A71E3681C13AEFF00EBF954 /* UINib+OwnKit.swift */; };
		2A71E3701C13AEFF00EBF954 /* UIStoryboard+OwnKit.swift in Sources */ = {isa = PBXBuildFile; fileRef = 2A71E3691C13AEFF00EBF954 /* UIStoryboard+OwnKit.swift */; };
		2A71E3711C13AEFF00EBF954 /* UIView+OwnKit.swift in Sources */ = {isa = PBXBuildFile; fileRef = 2A71E36A1C13AEFF00EBF954 /* UIView+OwnKit.swift */; };
		2A71E3721C13AEFF00EBF954 /* UIViewController+OwnKit.swift in Sources */ = {isa = PBXBuildFile; fileRef = 2A71E36B1C13AEFF00EBF954 /* UIViewController+OwnKit.swift */; };
		2A828CB61C19B3A000E6129C /* Range+OwnKit.swift in Sources */ = {isa = PBXBuildFile; fileRef = 2A828CB51C19B3A000E6129C /* Range+OwnKit.swift */; };
		2A828CB81C19BB7E00E6129C /* Int+OwnKit.swift in Sources */ = {isa = PBXBuildFile; fileRef = 2A828CB71C19BB7E00E6129C /* Int+OwnKit.swift */; };
		2A828CBA1C19C0AA00E6129C /* Array+OwnKit.swift in Sources */ = {isa = PBXBuildFile; fileRef = 2A828CB91C19C0AA00E6129C /* Array+OwnKit.swift */; };
		2A828CBC1C19C10D00E6129C /* Optional+OwnKit.swift in Sources */ = {isa = PBXBuildFile; fileRef = 2A828CBB1C19C10D00E6129C /* Optional+OwnKit.swift */; };
		2A828CBE1C19C3E700E6129C /* Bool+OwnKit.swift in Sources */ = {isa = PBXBuildFile; fileRef = 2A828CBD1C19C3E700E6129C /* Bool+OwnKit.swift */; };
		2A828CC01C19CC0900E6129C /* Index+OwnKit.swift in Sources */ = {isa = PBXBuildFile; fileRef = 2A828CBF1C19CC0900E6129C /* Index+OwnKit.swift */; };
		2A828CC21C19F4CF00E6129C /* Regex.swift in Sources */ = {isa = PBXBuildFile; fileRef = 2A828CC11C19F4CF00E6129C /* Regex.swift */; };
		2A828CC41C1A003600E6129C /* Measure.swift in Sources */ = {isa = PBXBuildFile; fileRef = 2A828CC31C1A003600E6129C /* Measure.swift */; };
		2A828CC61C1A02BC00E6129C /* UIDevice+OwnKit.swift in Sources */ = {isa = PBXBuildFile; fileRef = 2A828CC51C1A02BC00E6129C /* UIDevice+OwnKit.swift */; };
		2ACC3C461C194DF300F6EB6F /* UIColor+OwnKit.swift in Sources */ = {isa = PBXBuildFile; fileRef = 2ACC3C451C194DF300F6EB6F /* UIColor+OwnKit.swift */; };
/* End PBXBuildFile section */

/* Begin PBXFileReference section */
		2A41D76D1C1B38D2001D7E03 /* CGRect+OwnKit.swift */ = {isa = PBXFileReference; fileEncoding = 4; lastKnownFileType = sourcecode.swift; path = "CGRect+OwnKit.swift"; sourceTree = "<group>"; };
		2A41D76F1C1B4608001D7E03 /* AttributedString.swift */ = {isa = PBXFileReference; fileEncoding = 4; lastKnownFileType = sourcecode.swift; path = AttributedString.swift; sourceTree = "<group>"; };
		2A71E35B1C13AEE900EBF954 /* OwnKit.framework */ = {isa = PBXFileReference; explicitFileType = wrapper.framework; includeInIndex = 0; path = OwnKit.framework; sourceTree = BUILT_PRODUCTS_DIR; };
		2A71E35E1C13AEE900EBF954 /* OwnKit.h */ = {isa = PBXFileReference; lastKnownFileType = sourcecode.c.h; path = OwnKit.h; sourceTree = "<group>"; };
		2A71E3601C13AEE900EBF954 /* Info.plist */ = {isa = PBXFileReference; lastKnownFileType = text.plist.xml; path = Info.plist; sourceTree = "<group>"; };
		2A71E3671C13AEFF00EBF954 /* String+OwnKit.swift */ = {isa = PBXFileReference; fileEncoding = 4; lastKnownFileType = sourcecode.swift; path = "String+OwnKit.swift"; sourceTree = "<group>"; };
		2A71E3681C13AEFF00EBF954 /* UINib+OwnKit.swift */ = {isa = PBXFileReference; fileEncoding = 4; lastKnownFileType = sourcecode.swift; path = "UINib+OwnKit.swift"; sourceTree = "<group>"; };
		2A71E3691C13AEFF00EBF954 /* UIStoryboard+OwnKit.swift */ = {isa = PBXFileReference; fileEncoding = 4; lastKnownFileType = sourcecode.swift; path = "UIStoryboard+OwnKit.swift"; sourceTree = "<group>"; };
		2A71E36A1C13AEFF00EBF954 /* UIView+OwnKit.swift */ = {isa = PBXFileReference; fileEncoding = 4; lastKnownFileType = sourcecode.swift; path = "UIView+OwnKit.swift"; sourceTree = "<group>"; };
		2A71E36B1C13AEFF00EBF954 /* UIViewController+OwnKit.swift */ = {isa = PBXFileReference; fileEncoding = 4; lastKnownFileType = sourcecode.swift; path = "UIViewController+OwnKit.swift"; sourceTree = "<group>"; };
		2A828CB51C19B3A000E6129C /* Range+OwnKit.swift */ = {isa = PBXFileReference; fileEncoding = 4; lastKnownFileType = sourcecode.swift; path = "Range+OwnKit.swift"; sourceTree = "<group>"; };
		2A828CB71C19BB7E00E6129C /* Int+OwnKit.swift */ = {isa = PBXFileReference; fileEncoding = 4; lastKnownFileType = sourcecode.swift; path = "Int+OwnKit.swift"; sourceTree = "<group>"; };
		2A828CB91C19C0AA00E6129C /* Array+OwnKit.swift */ = {isa = PBXFileReference; fileEncoding = 4; lastKnownFileType = sourcecode.swift; path = "Array+OwnKit.swift"; sourceTree = "<group>"; };
		2A828CBB1C19C10D00E6129C /* Optional+OwnKit.swift */ = {isa = PBXFileReference; fileEncoding = 4; lastKnownFileType = sourcecode.swift; path = "Optional+OwnKit.swift"; sourceTree = "<group>"; };
		2A828CBD1C19C3E700E6129C /* Bool+OwnKit.swift */ = {isa = PBXFileReference; fileEncoding = 4; lastKnownFileType = sourcecode.swift; path = "Bool+OwnKit.swift"; sourceTree = "<group>"; };
		2A828CBF1C19CC0900E6129C /* Index+OwnKit.swift */ = {isa = PBXFileReference; fileEncoding = 4; lastKnownFileType = sourcecode.swift; path = "Index+OwnKit.swift"; sourceTree = "<group>"; };
		2A828CC11C19F4CF00E6129C /* Regex.swift */ = {isa = PBXFileReference; fileEncoding = 4; lastKnownFileType = sourcecode.swift; path = Regex.swift; sourceTree = "<group>"; };
		2A828CC31C1A003600E6129C /* Measure.swift */ = {isa = PBXFileReference; fileEncoding = 4; lastKnownFileType = sourcecode.swift; path = Measure.swift; sourceTree = "<group>"; };
		2A828CC51C1A02BC00E6129C /* UIDevice+OwnKit.swift */ = {isa = PBXFileReference; fileEncoding = 4; lastKnownFileType = sourcecode.swift; path = "UIDevice+OwnKit.swift"; sourceTree = "<group>"; };
		2ACC3C451C194DF300F6EB6F /* UIColor+OwnKit.swift */ = {isa = PBXFileReference; fileEncoding = 4; lastKnownFileType = sourcecode.swift; path = "UIColor+OwnKit.swift"; sourceTree = "<group>"; };
/* End PBXFileReference section */

/* Begin PBXFrameworksBuildPhase section */
		2A71E3571C13AEE900EBF954 /* Frameworks */ = {
			isa = PBXFrameworksBuildPhase;
			buildActionMask = 2147483647;
			files = (
			);
			runOnlyForDeploymentPostprocessing = 0;
		};
/* End PBXFrameworksBuildPhase section */

/* Begin PBXGroup section */
		2A71E3511C13AEE900EBF954 = {
			isa = PBXGroup;
			children = (
				2A71E35D1C13AEE900EBF954 /* OwnKit */,
				2A71E35C1C13AEE900EBF954 /* Products */,
			);
			sourceTree = "<group>";
		};
		2A71E35C1C13AEE900EBF954 /* Products */ = {
			isa = PBXGroup;
			children = (
				2A71E35B1C13AEE900EBF954 /* OwnKit.framework */,
			);
			name = Products;
			sourceTree = "<group>";
		};
		2A71E35D1C13AEE900EBF954 /* OwnKit */ = {
			isa = PBXGroup;
			children = (
				2A71E3661C13AEFF00EBF954 /* Extension */,
				2A71E36C1C13AEFF00EBF954 /* Util */,
				2A71E35E1C13AEE900EBF954 /* OwnKit.h */,
				2A71E3601C13AEE900EBF954 /* Info.plist */,
			);
			path = OwnKit;
			sourceTree = "<group>";
		};
		2A71E3661C13AEFF00EBF954 /* Extension */ = {
			isa = PBXGroup;
			children = (
				2A71E3671C13AEFF00EBF954 /* String+OwnKit.swift */,
				2A71E3681C13AEFF00EBF954 /* UINib+OwnKit.swift */,
				2A71E3691C13AEFF00EBF954 /* UIStoryboard+OwnKit.swift */,
				2A71E36A1C13AEFF00EBF954 /* UIView+OwnKit.swift */,
				2A71E36B1C13AEFF00EBF954 /* UIViewController+OwnKit.swift */,
				2ACC3C451C194DF300F6EB6F /* UIColor+OwnKit.swift */,
				2A828CB51C19B3A000E6129C /* Range+OwnKit.swift */,
				2A828CB71C19BB7E00E6129C /* Int+OwnKit.swift */,
				2A828CB91C19C0AA00E6129C /* Array+OwnKit.swift */,
				2A828CBB1C19C10D00E6129C /* Optional+OwnKit.swift */,
				2A828CBD1C19C3E700E6129C /* Bool+OwnKit.swift */,
				2A828CBF1C19CC0900E6129C /* Index+OwnKit.swift */,
				2A828CC51C1A02BC00E6129C /* UIDevice+OwnKit.swift */,
				2A41D76D1C1B38D2001D7E03 /* CGRect+OwnKit.swift */,
			);
			path = Extension;
			sourceTree = "<group>";
		};
		2A71E36C1C13AEFF00EBF954 /* Util */ = {
			isa = PBXGroup;
			children = (
				2A828CC11C19F4CF00E6129C /* Regex.swift */,
				2A828CC31C1A003600E6129C /* Measure.swift */,
				2A41D76F1C1B4608001D7E03 /* AttributedString.swift */,
			);
			path = Util;
			sourceTree = "<group>";
		};
/* End PBXGroup section */

/* Begin PBXHeadersBuildPhase section */
		2A71E3581C13AEE900EBF954 /* Headers */ = {
			isa = PBXHeadersBuildPhase;
			buildActionMask = 2147483647;
			files = (
				2A71E35F1C13AEE900EBF954 /* OwnKit.h in Headers */,
			);
			runOnlyForDeploymentPostprocessing = 0;
		};
/* End PBXHeadersBuildPhase section */

/* Begin PBXNativeTarget section */
		2A71E35A1C13AEE900EBF954 /* OwnKit */ = {
			isa = PBXNativeTarget;
			buildConfigurationList = 2A71E3631C13AEE900EBF954 /* Build configuration list for PBXNativeTarget "OwnKit" */;
			buildPhases = (
				2A71E3561C13AEE900EBF954 /* Sources */,
				2A71E3571C13AEE900EBF954 /* Frameworks */,
				2A71E3581C13AEE900EBF954 /* Headers */,
				2A71E3591C13AEE900EBF954 /* Resources */,
			);
			buildRules = (
			);
			dependencies = (
			);
			name = OwnKit;
			productName = OwnKit;
			productReference = 2A71E35B1C13AEE900EBF954 /* OwnKit.framework */;
			productType = "com.apple.product-type.framework";
		};
/* End PBXNativeTarget section */

/* Begin PBXProject section */
		2A71E3521C13AEE900EBF954 /* Project object */ = {
			isa = PBXProject;
			attributes = {
				LastUpgradeCheck = 0710;
				ORGANIZATIONNAME = "Ryo Aoyama";
				TargetAttributes = {
					2A71E35A1C13AEE900EBF954 = {
						CreatedOnToolsVersion = 7.1.1;
						DevelopmentTeam = 35SS6N9UMP;
					};
				};
			};
			buildConfigurationList = 2A71E3551C13AEE900EBF954 /* Build configuration list for PBXProject "OwnKit" */;
			compatibilityVersion = "Xcode 3.2";
			developmentRegion = English;
			hasScannedForEncodings = 0;
			knownRegions = (
				en,
			);
			mainGroup = 2A71E3511C13AEE900EBF954;
			productRefGroup = 2A71E35C1C13AEE900EBF954 /* Products */;
			projectDirPath = "";
			projectRoot = "";
			targets = (
				2A71E35A1C13AEE900EBF954 /* OwnKit */,
			);
		};
/* End PBXProject section */

/* Begin PBXResourcesBuildPhase section */
		2A71E3591C13AEE900EBF954 /* Resources */ = {
			isa = PBXResourcesBuildPhase;
			buildActionMask = 2147483647;
			files = (
			);
			runOnlyForDeploymentPostprocessing = 0;
		};
/* End PBXResourcesBuildPhase section */

/* Begin PBXSourcesBuildPhase section */
		2A71E3561C13AEE900EBF954 /* Sources */ = {
			isa = PBXSourcesBuildPhase;
			buildActionMask = 2147483647;
			files = (
				2A71E3721C13AEFF00EBF954 /* UIViewController+OwnKit.swift in Sources */,
				2A828CB61C19B3A000E6129C /* Range+OwnKit.swift in Sources */,
				2A828CC41C1A003600E6129C /* Measure.swift in Sources */,
				2A828CC21C19F4CF00E6129C /* Regex.swift in Sources */,
				2A828CC61C1A02BC00E6129C /* UIDevice+OwnKit.swift in Sources */,
				2A828CC01C19CC0900E6129C /* Index+OwnKit.swift in Sources */,
				2A41D7701C1B4608001D7E03 /* AttributedString.swift in Sources */,
				2A71E36E1C13AEFF00EBF954 /* String+OwnKit.swift in Sources */,
				2A71E3701C13AEFF00EBF954 /* UIStoryboard+OwnKit.swift in Sources */,
				2A828CBA1C19C0AA00E6129C /* Array+OwnKit.swift in Sources */,
				2ACC3C461C194DF300F6EB6F /* UIColor+OwnKit.swift in Sources */,
				2A828CBE1C19C3E700E6129C /* Bool+OwnKit.swift in Sources */,
				2A828CBC1C19C10D00E6129C /* Optional+OwnKit.swift in Sources */,
				2A828CB81C19BB7E00E6129C /* Int+OwnKit.swift in Sources */,
				2A71E3711C13AEFF00EBF954 /* UIView+OwnKit.swift in Sources */,
				2A71E36F1C13AEFF00EBF954 /* UINib+OwnKit.swift in Sources */,
				2A41D76E1C1B38D2001D7E03 /* CGRect+OwnKit.swift in Sources */,
			);
			runOnlyForDeploymentPostprocessing = 0;
		};
/* End PBXSourcesBuildPhase section */

/* Begin XCBuildConfiguration section */
		2A71E3611C13AEE900EBF954 /* Debug */ = {
			isa = XCBuildConfiguration;
			buildSettings = {
				ALWAYS_SEARCH_USER_PATHS = NO;
				CLANG_CXX_LANGUAGE_STANDARD = "gnu++0x";
				CLANG_CXX_LIBRARY = "libc++";
				CLANG_ENABLE_MODULES = YES;
				CLANG_ENABLE_OBJC_ARC = YES;
				CLANG_WARN_BOOL_CONVERSION = YES;
				CLANG_WARN_CONSTANT_CONVERSION = YES;
				CLANG_WARN_DIRECT_OBJC_ISA_USAGE = YES_ERROR;
				CLANG_WARN_EMPTY_BODY = YES;
				CLANG_WARN_ENUM_CONVERSION = YES;
				CLANG_WARN_INT_CONVERSION = YES;
				CLANG_WARN_OBJC_ROOT_CLASS = YES_ERROR;
				CLANG_WARN_UNREACHABLE_CODE = YES;
				CLANG_WARN__DUPLICATE_METHOD_MATCH = YES;
				"CODE_SIGN_IDENTITY[sdk=iphoneos*]" = "iPhone Developer";
				COPY_PHASE_STRIP = NO;
				CURRENT_PROJECT_VERSION = 1;
				DEBUG_INFORMATION_FORMAT = dwarf;
				ENABLE_STRICT_OBJC_MSGSEND = YES;
				ENABLE_TESTABILITY = YES;
				GCC_C_LANGUAGE_STANDARD = gnu99;
				GCC_DYNAMIC_NO_PIC = NO;
				GCC_NO_COMMON_BLOCKS = YES;
				GCC_OPTIMIZATION_LEVEL = 0;
				GCC_PREPROCESSOR_DEFINITIONS = (
					"DEBUG=1",
					"$(inherited)",
				);
				GCC_WARN_64_TO_32_BIT_CONVERSION = YES;
				GCC_WARN_ABOUT_RETURN_TYPE = YES_ERROR;
				GCC_WARN_UNDECLARED_SELECTOR = YES;
				GCC_WARN_UNINITIALIZED_AUTOS = YES_AGGRESSIVE;
				GCC_WARN_UNUSED_FUNCTION = YES;
				GCC_WARN_UNUSED_VARIABLE = YES;
				IPHONEOS_DEPLOYMENT_TARGET = 8.0;
				MTL_ENABLE_DEBUG_INFO = YES;
				ONLY_ACTIVE_ARCH = YES;
				SDKROOT = iphoneos;
				SWIFT_OPTIMIZATION_LEVEL = "-Onone";
				TARGETED_DEVICE_FAMILY = "1,2";
				VERSIONING_SYSTEM = "apple-generic";
				VERSION_INFO_PREFIX = "";
			};
			name = Debug;
		};
		2A71E3621C13AEE900EBF954 /* Release */ = {
			isa = XCBuildConfiguration;
			buildSettings = {
				ALWAYS_SEARCH_USER_PATHS = NO;
				CLANG_CXX_LANGUAGE_STANDARD = "gnu++0x";
				CLANG_CXX_LIBRARY = "libc++";
				CLANG_ENABLE_MODULES = YES;
				CLANG_ENABLE_OBJC_ARC = YES;
				CLANG_WARN_BOOL_CONVERSION = YES;
				CLANG_WARN_CONSTANT_CONVERSION = YES;
				CLANG_WARN_DIRECT_OBJC_ISA_USAGE = YES_ERROR;
				CLANG_WARN_EMPTY_BODY = YES;
				CLANG_WARN_ENUM_CONVERSION = YES;
				CLANG_WARN_INT_CONVERSION = YES;
				CLANG_WARN_OBJC_ROOT_CLASS = YES_ERROR;
				CLANG_WARN_UNREACHABLE_CODE = YES;
				CLANG_WARN__DUPLICATE_METHOD_MATCH = YES;
				"CODE_SIGN_IDENTITY[sdk=iphoneos*]" = "iPhone Developer";
				COPY_PHASE_STRIP = NO;
				CURRENT_PROJECT_VERSION = 1;
				DEBUG_INFORMATION_FORMAT = "dwarf-with-dsym";
				ENABLE_NS_ASSERTIONS = NO;
				ENABLE_STRICT_OBJC_MSGSEND = YES;
				GCC_C_LANGUAGE_STANDARD = gnu99;
				GCC_NO_COMMON_BLOCKS = YES;
				GCC_WARN_64_TO_32_BIT_CONVERSION = YES;
				GCC_WARN_ABOUT_RETURN_TYPE = YES_ERROR;
				GCC_WARN_UNDECLARED_SELECTOR = YES;
				GCC_WARN_UNINITIALIZED_AUTOS = YES_AGGRESSIVE;
				GCC_WARN_UNUSED_FUNCTION = YES;
				GCC_WARN_UNUSED_VARIABLE = YES;
				IPHONEOS_DEPLOYMENT_TARGET = 8.0;
				MTL_ENABLE_DEBUG_INFO = NO;
				SDKROOT = iphoneos;
				TARGETED_DEVICE_FAMILY = "1,2";
				VALIDATE_PRODUCT = YES;
				VERSIONING_SYSTEM = "apple-generic";
				VERSION_INFO_PREFIX = "";
			};
			name = Release;
		};
		2A71E3641C13AEE900EBF954 /* Debug */ = {
			isa = XCBuildConfiguration;
			buildSettings = {
				DEFINES_MODULE = YES;
				DYLIB_COMPATIBILITY_VERSION = 1;
				DYLIB_CURRENT_VERSION = 1;
				DYLIB_INSTALL_NAME_BASE = "@rpath";
				INFOPLIST_FILE = OwnKit/Info.plist;
				INSTALL_PATH = "$(LOCAL_LIBRARY_DIR)/Frameworks";
				IPHONEOS_DEPLOYMENT_TARGET = 8.0;
				LD_RUNPATH_SEARCH_PATHS = "$(inherited) @executable_path/Frameworks @loader_path/Frameworks";
				PRODUCT_BUNDLE_IDENTIFIER = com.ryo.OwnKit;
				PRODUCT_NAME = "$(TARGET_NAME)";
				SKIP_INSTALL = YES;
			};
			name = Debug;
		};
		2A71E3651C13AEE900EBF954 /* Release */ = {
			isa = XCBuildConfiguration;
			buildSettings = {
				DEFINES_MODULE = YES;
				DYLIB_COMPATIBILITY_VERSION = 1;
				DYLIB_CURRENT_VERSION = 1;
				DYLIB_INSTALL_NAME_BASE = "@rpath";
				INFOPLIST_FILE = OwnKit/Info.plist;
				INSTALL_PATH = "$(LOCAL_LIBRARY_DIR)/Frameworks";
				IPHONEOS_DEPLOYMENT_TARGET = 8.0;
				LD_RUNPATH_SEARCH_PATHS = "$(inherited) @executable_path/Frameworks @loader_path/Frameworks";
				PRODUCT_BUNDLE_IDENTIFIER = com.ryo.OwnKit;
				PRODUCT_NAME = "$(TARGET_NAME)";
				SKIP_INSTALL = YES;
			};
			name = Release;
		};
/* End XCBuildConfiguration section */

/* Begin XCConfigurationList section */
		2A71E3551C13AEE900EBF954 /* Build configuration list for PBXProject "OwnKit" */ = {
			isa = XCConfigurationList;
			buildConfigurations = (
				2A71E3611C13AEE900EBF954 /* Debug */,
				2A71E3621C13AEE900EBF954 /* Release */,
			);
			defaultConfigurationIsVisible = 0;
			defaultConfigurationName = Release;
		};
		2A71E3631C13AEE900EBF954 /* Build configuration list for PBXNativeTarget "OwnKit" */ = {
			isa = XCConfigurationList;
			buildConfigurations = (
				2A71E3641C13AEE900EBF954 /* Debug */,
				2A71E3651C13AEE900EBF954 /* Release */,
			);
			defaultConfigurationIsVisible = 0;
			defaultConfigurationName = Release;
		};
/* End XCConfigurationList section */
	};
	rootObject = 2A71E3521C13AEE900EBF954 /* Project object */;
}
